
Microsoft Visual Studio Solution File, Format Version 12.00
# Visual Studio Version 16
VisualStudioVersion = 16.0.31729.503
MinimumVisualStudioVersion = 10.0.40219.1
Project("{FAE04EC0-301F-11D3-BF4B-00C04F79EFBC}") = "Umbr2.UWP", "Umbr2\Umbr2.UWP\Umbr2.UWP.csproj", "{07753F23-7A8D-4B51-9B10-17F39A74CCD9}"
EndProject
Project("{FAE04EC0-301F-11D3-BF4B-00C04F79EFBC}") = "Umbr2.Android", "Umbr2\Umbr2.Android\Umbr2.Android.csproj", "{60E63CEB-32D2-41CB-9C02-EEBE1207007E}"
EndProject
Project("{FAE04EC0-301F-11D3-BF4B-00C04F79EFBC}") = "Umbr2.iOS", "Umbr2\Umbr2.iOS\Umbr2.iOS.csproj", "{3CF63CC6-0FC2-467C-B37C-12B711233868}"
EndProject
Project("{FAE04EC0-301F-11D3-BF4B-00C04F79EFBC}") = "Umbr2", "Umbr2\Umbr2\Umbr2.csproj", "{1849DA44-7CD8-4B90-AA09-C4FE5CF8A11F}"
EndProject
Global
	GlobalSection(SolutionConfigurationPlatforms) = preSolution
		Debug|Any CPU = Debug|Any CPU
		Debug|ARM = Debug|ARM
		Debug|iPhone = Debug|iPhone
		Debug|iPhoneSimulator = Debug|iPhoneSimulator
		Debug|x64 = Debug|x64
		Debug|x86 = Debug|x86
		Release|Any CPU = Release|Any CPU
		Release|ARM = Release|ARM
		Release|iPhone = Release|iPhone
		Release|iPhoneSimulator = Release|iPhoneSimulator
		Release|x64 = Release|x64
		Release|x86 = Release|x86
	EndGlobalSection
	GlobalSection(ProjectConfigurationPlatforms) = postSolution
		{07753F23-7A8D-4B51-9B10-17F39A74CCD9}.Debug|Any CPU.ActiveCfg = Debug|x86
		{07753F23-7A8D-4B51-9B10-17F39A74CCD9}.Debug|Any CPU.Build.0 = Debug|x86
		{07753F23-7A8D-4B51-9B10-17F39A74CCD9}.Debug|Any CPU.Deploy.0 = Debug|x86
		{07753F23-7A8D-4B51-9B10-17F39A74CCD9}.Debug|ARM.ActiveCfg = Debug|ARM
		{07753F23-7A8D-4B51-9B10-17F39A74CCD9}.Debug|ARM.Build.0 = Debug|ARM
		{07753F23-7A8D-4B51-9B10-17F39A74CCD9}.Debug|ARM.Deploy.0 = Debug|ARM
		{07753F23-7A8D-4B51-9B10-17F39A74CCD9}.Debug|iPhone.ActiveCfg = Debug|x86
		{07753F23-7A8D-4B51-9B10-17F39A74CCD9}.Debug|iPhone.Build.0 = Debug|x86
		{07753F23-7A8D-4B51-9B10-17F39A74CCD9}.Debug|iPhone.Deploy.0 = Debug|x86
		{07753F23-7A8D-4B51-9B10-17F39A74CCD9}.Debug|iPhoneSimulator.ActiveCfg = Debug|x86
		{07753F23-7A8D-4B51-9B10-17F39A74CCD9}.Debug|iPhoneSimulator.Build.0 = Debug|x86
		{07753F23-7A8D-4B51-9B10-17F39A74CCD9}.Debug|iPhoneSimulator.Deploy.0 = Debug|x86
		{07753F23-7A8D-4B51-9B10-17F39A74CCD9}.Debug|x64.ActiveCfg = Debug|x64
		{07753F23-7A8D-4B51-9B10-17F39A74CCD9}.Debug|x64.Build.0 = Debug|x64
		{07753F23-7A8D-4B51-9B10-17F39A74CCD9}.Debug|x64.Deploy.0 = Debug|x64
		{07753F23-7A8D-4B51-9B10-17F39A74CCD9}.Debug|x86.ActiveCfg = Debug|x86
		{07753F23-7A8D-4B51-9B10-17F39A74CCD9}.Debug|x86.Build.0 = Debug|x86
		{07753F23-7A8D-4B51-9B10-17F39A74CCD9}.Debug|x86.Deploy.0 = Debug|x86
		{07753F23-7A8D-4B51-9B10-17F39A74CCD9}.Release|Any CPU.ActiveCfg = Release|x86
		{07753F23-7A8D-4B51-9B10-17F39A74CCD9}.Release|Any CPU.Build.0 = Release|x86
		{07753F23-7A8D-4B51-9B10-17F39A74CCD9}.Release|Any CPU.Deploy.0 = Release|x86
		{07753F23-7A8D-4B51-9B10-17F39A74CCD9}.Release|ARM.ActiveCfg = Release|ARM
		{07753F23-7A8D-4B51-9B10-17F39A74CCD9}.Release|ARM.Build.0 = Release|ARM
		{07753F23-7A8D-4B51-9B10-17F39A74CCD9}.Release|ARM.Deploy.0 = Release|ARM
		{07753F23-7A8D-4B51-9B10-17F39A74CCD9}.Release|iPhone.ActiveCfg = Release|x86
		{07753F23-7A8D-4B51-9B10-17F39A74CCD9}.Release|iPhone.Build.0 = Release|x86
		{07753F23-7A8D-4B51-9B10-17F39A74CCD9}.Release|iPhone.Deploy.0 = Release|x86
		{07753F23-7A8D-4B51-9B10-17F39A74CCD9}.Release|iPhoneSimulator.ActiveCfg = Release|x86
		{07753F23-7A8D-4B51-9B10-17F39A74CCD9}.Release|iPhoneSimulator.Build.0 = Release|x86
		{07753F23-7A8D-4B51-9B10-17F39A74CCD9}.Release|iPhoneSimulator.Deploy.0 = Release|x86
		{07753F23-7A8D-4B51-9B10-17F39A74CCD9}.Release|x64.ActiveCfg = Release|x64
		{07753F23-7A8D-4B51-9B10-17F39A74CCD9}.Release|x64.Build.0 = Release|x64
		{07753F23-7A8D-4B51-9B10-17F39A74CCD9}.Release|x64.Deploy.0 = Release|x64
		{07753F23-7A8D-4B51-9B10-17F39A74CCD9}.Release|x86.ActiveCfg = Release|x86
		{07753F23-7A8D-4B51-9B10-17F39A74CCD9}.Release|x86.Build.0 = Release|x86
		{07753F23-7A8D-4B51-9B10-17F39A74CCD9}.Release|x86.Deploy.0 = Release|x86
		{60E63CEB-32D2-41CB-9C02-EEBE1207007E}.Debug|Any CPU.ActiveCfg = Debug|Any CPU
		{60E63CEB-32D2-41CB-9C02-EEBE1207007E}.Debug|Any CPU.Build.0 = Debug|Any CPU
		{60E63CEB-32D2-41CB-9C02-EEBE1207007E}.Debug|Any CPU.Deploy.0 = Debug|Any CPU
		{60E63CEB-32D2-41CB-9C02-EEBE1207007E}.Debug|ARM.ActiveCfg = Debug|Any CPU
		{60E63CEB-32D2-41CB-9C02-EEBE1207007E}.Debug|ARM.Build.0 = Debug|Any CPU
		{60E63CEB-32D2-41CB-9C02-EEBE1207007E}.Debug|ARM.Deploy.0 = Debug|Any CPU
		{60E63CEB-32D2-41CB-9C02-EEBE1207007E}.Debug|iPhone.ActiveCfg = Debug|Any CPU
		{60E63CEB-32D2-41CB-9C02-EEBE1207007E}.Debug|iPhone.Build.0 = Debug|Any CPU
		{60E63CEB-32D2-41CB-9C02-EEBE1207007E}.Debug|iPhone.Deploy.0 = Debug|Any CPU
		{60E63CEB-32D2-41CB-9C02-EEBE1207007E}.Debug|iPhoneSimulator.ActiveCfg = Debug|Any CPU
		{60E63CEB-32D2-41CB-9C02-EEBE1207007E}.Debug|iPhoneSimulator.Build.0 = Debug|Any CPU
		{60E63CEB-32D2-41CB-9C02-EEBE1207007E}.Debug|iPhoneSimulator.Deploy.0 = Debug|Any CPU
		{60E63CEB-32D2-41CB-9C02-EEBE1207007E}.Debug|x64.ActiveCfg = Debug|Any CPU
		{60E63CEB-32D2-41CB-9C02-EEBE1207007E}.Debug|x64.Build.0 = Debug|Any CPU
		{60E63CEB-32D2-41CB-9C02-EEBE1207007E}.Debug|x64.Deploy.0 = Debug|Any CPU
		{60E63CEB-32D2-41CB-9C02-EEBE1207007E}.Debug|x86.ActiveCfg = Debug|Any CPU
		{60E63CEB-32D2-41CB-9C02-EEBE1207007E}.Debug|x86.Build.0 = Debug|Any CPU
		{60E63CEB-32D2-41CB-9C02-EEBE1207007E}.Debug|x86.Deploy.0 = Debug|Any CPU
		{60E63CEB-32D2-41CB-9C02-EEBE1207007E}.Release|Any CPU.ActiveCfg = Release|Any CPU
		{60E63CEB-32D2-41CB-9C02-EEBE1207007E}.Release|Any CPU.Build.0 = Release|Any CPU
		{60E63CEB-32D2-41CB-9C02-EEBE1207007E}.Release|Any CPU.Deploy.0 = Release|Any CPU
		{60E63CEB-32D2-41CB-9C02-EEBE1207007E}.Release|ARM.ActiveCfg = Release|Any CPU
		{60E63CEB-32D2-41CB-9C02-EEBE1207007E}.Release|ARM.Build.0 = Release|Any CPU
		{60E63CEB-32D2-41CB-9C02-EEBE1207007E}.Release|ARM.Deploy.0 = Release|Any CPU
		{60E63CEB-32D2-41CB-9C02-EEBE1207007E}.Release|iPhone.ActiveCfg = Release|Any CPU
		{60E63CEB-32D2-41CB-9C02-EEBE1207007E}.Release|iPhone.Build.0 = Release|Any CPU
		{60E63CEB-32D2-41CB-9C02-EEBE1207007E}.Release|iPhone.Deploy.0 = Release|Any CPU
		{60E63CEB-32D2-41CB-9C02-EEBE1207007E}.Release|iPhoneSimulator.ActiveCfg = Release|Any CPU
		{60E63CEB-32D2-41CB-9C02-EEBE1207007E}.Release|iPhoneSimulator.Build.0 = Release|Any CPU
		{60E63CEB-32D2-41CB-9C02-EEBE1207007E}.Release|iPhoneSimulator.Deploy.0 = Release|Any CPU
		{60E63CEB-32D2-41CB-9C02-EEBE1207007E}.Release|x64.ActiveCfg = Release|Any CPU
		{60E63CEB-32D2-41CB-9C02-EEBE1207007E}.Release|x64.Build.0 = Release|Any CPU
		{60E63CEB-32D2-41CB-9C02-EEBE1207007E}.Release|x64.Deploy.0 = Release|Any CPU
		{60E63CEB-32D2-41CB-9C02-EEBE1207007E}.Release|x86.ActiveCfg = Release|Any CPU
		{60E63CEB-32D2-41CB-9C02-EEBE1207007E}.Release|x86.Build.0 = Release|Any CPU
		{60E63CEB-32D2-41CB-9C02-EEBE1207007E}.Release|x86.Deploy.0 = Release|Any CPU
		{3CF63CC6-0FC2-467C-B37C-12B711233868}.Debug|Any CPU.ActiveCfg = Debug|iPhoneSimulator
		{3CF63CC6-0FC2-467C-B37C-12B711233868}.Debug|Any CPU.Build.0 = Debug|iPhoneSimulator
		{3CF63CC6-0FC2-467C-B37C-12B711233868}.Debug|Any CPU.Deploy.0 = Debug|iPhoneSimulator
		{3CF63CC6-0FC2-467C-B37C-12B711233868}.Debug|ARM.ActiveCfg = Debug|iPhone
		{3CF63CC6-0FC2-467C-B37C-12B711233868}.Debug|ARM.Build.0 = Debug|iPhone
		{3CF63CC6-0FC2-467C-B37C-12B711233868}.Debug|ARM.Deploy.0 = Debug|iPhone
		{3CF63CC6-0FC2-467C-B37C-12B711233868}.Debug|iPhone.ActiveCfg = Debug|iPhone
		{3CF63CC6-0FC2-467C-B37C-12B711233868}.Debug|iPhone.Build.0 = Debug|iPhone
		{3CF63CC6-0FC2-467C-B37C-12B711233868}.Debug|iPhone.Deploy.0 = Debug|iPhone
		{3CF63CC6-0FC2-467C-B37C-12B711233868}.Debug|iPhoneSimulator.ActiveCfg = Debug|iPhoneSimulator
		{3CF63CC6-0FC2-467C-B37C-12B711233868}.Debug|iPhoneSimulator.Build.0 = Debug|iPhoneSimulator
		{3CF63CC6-0FC2-467C-B37C-12B711233868}.Debug|iPhoneSimulator.Deploy.0 = Debug|iPhoneSimulator
		{3CF63CC6-0FC2-467C-B37C-12B711233868}.Debug|x64.ActiveCfg = Debug|iPhoneSimulator
		{3CF63CC6-0FC2-467C-B37C-12B711233868}.Debug|x64.Build.0 = Debug|iPhoneSimulator
		{3CF63CC6-0FC2-467C-B37C-12B711233868}.Debug|x64.Deploy.0 = Debug|iPhoneSimulator
		{3CF63CC6-0FC2-467C-B37C-12B711233868}.Debug|x86.ActiveCfg = Debug|iPhoneSimulator
		{3CF63CC6-0FC2-467C-B37C-12B711233868}.Debug|x86.Build.0 = Debug|iPhoneSimulator
		{3CF63CC6-0FC2-467C-B37C-12B711233868}.Debug|x86.Deploy.0 = Debug|iPhoneSimulator
		{3CF63CC6-0FC2-467C-B37C-12B711233868}.Release|Any CPU.ActiveCfg = Release|iPhoneSimulator
		{3CF63CC6-0FC2-467C-B37C-12B711233868}.Release|Any CPU.Build.0 = Release|iPhoneSimulator
		{3CF63CC6-0FC2-467C-B37C-12B711233868}.Release|Any CPU.Deploy.0 = Release|iPhoneSimulator
		{3CF63CC6-0FC2-467C-B37C-12B711233868}.Release|ARM.ActiveCfg = Release|iPhoneSimulator
		{3CF63CC6-0FC2-467C-B37C-12B711233868}.Release|ARM.Build.0 = Release|iPhoneSimulator
		{3CF63CC6-0FC2-467C-B37C-12B711233868}.Release|ARM.Deploy.0 = Release|iPhoneSimulator
		{3CF63CC6-0FC2-467C-B37C-12B711233868}.Release|iPhone.ActiveCfg = Release|iPhone
		{3CF63CC6-0FC2-467C-B37C-12B711233868}.Release|iPhone.Build.0 = Release|iPhone
		{3CF63CC6-0FC2-467C-B37C-12B711233868}.Release|iPhone.Deploy.0 = Release|iPhone
		{3CF63CC6-0FC2-467C-B37C-12B711233868}.Release|iPhoneSimulator.ActiveCfg = Release|iPhoneSimulator
		{3CF63CC6-0FC2-467C-B37C-12B711233868}.Release|iPhoneSimulator.Build.0 = Release|iPhoneSimulator
		{3CF63CC6-0FC2-467C-B37C-12B711233868}.Release|iPhoneSimulator.Deploy.0 = Release|iPhoneSimulator
		{3CF63CC6-0FC2-467C-B37C-12B711233868}.Release|x64.ActiveCfg = Release|iPhoneSimulator
		{3CF63CC6-0FC2-467C-B37C-12B711233868}.Release|x64.Build.0 = Release|iPhoneSimulator
		{3CF63CC6-0FC2-467C-B37C-12B711233868}.Release|x64.Deploy.0 = Release|iPhoneSimulator
		{3CF63CC6-0FC2-467C-B37C-12B711233868}.Release|x86.ActiveCfg = Release|iPhoneSimulator
		{3CF63CC6-0FC2-467C-B37C-12B711233868}.Release|x86.Build.0 = Release|iPhoneSimulator
		{3CF63CC6-0FC2-467C-B37C-12B711233868}.Release|x86.Deploy.0 = Release|iPhoneSimulator
		{1849DA44-7CD8-4B90-AA09-C4FE5CF8A11F}.Debug|Any CPU.ActiveCfg = Debug|Any CPU
		{1849DA44-7CD8-4B90-AA09-C4FE5CF8A11F}.Debug|Any CPU.Build.0 = Debug|Any CPU
		{1849DA44-7CD8-4B90-AA09-C4FE5CF8A11F}.Debug|Any CPU.Deploy.0 = Debug|Any CPU
		{1849DA44-7CD8-4B90-AA09-C4FE5CF8A11F}.Debug|ARM.ActiveCfg = Debug|Any CPU
		{1849DA44-7CD8-4B90-AA09-C4FE5CF8A11F}.Debug|ARM.Build.0 = Debug|Any CPU
		{1849DA44-7CD8-4B90-AA09-C4FE5CF8A11F}.Debug|ARM.Deploy.0 = Debug|Any CPU
		{1849DA44-7CD8-4B90-AA09-C4FE5CF8A11F}.Debug|iPhone.ActiveCfg = Debug|Any CPU
		{1849DA44-7CD8-4B90-AA09-C4FE5CF8A11F}.Debug|iPhone.Build.0 = Debug|Any CPU
		{1849DA44-7CD8-4B90-AA09-C4FE5CF8A11F}.Debug|iPhone.Deploy.0 = Debug|Any CPU
		{1849DA44-7CD8-4B90-AA09-C4FE5CF8A11F}.Debug|iPhoneSimulator.ActiveCfg = Debug|Any CPU
		{1849DA44-7CD8-4B90-AA09-C4FE5CF8A11F}.Debug|iPhoneSimulator.Build.0 = Debug|Any CPU
		{1849DA44-7CD8-4B90-AA09-C4FE5CF8A11F}.Debug|iPhoneSimulator.Deploy.0 = Debug|Any CPU
		{1849DA44-7CD8-4B90-AA09-C4FE5CF8A11F}.Debug|x64.ActiveCfg = Debug|Any CPU
		{1849DA44-7CD8-4B90-AA09-C4FE5CF8A11F}.Debug|x64.Build.0 = Debug|Any CPU
		{1849DA44-7CD8-4B90-AA09-C4FE5CF8A11F}.Debug|x64.Deploy.0 = Debug|Any CPU
		{1849DA44-7CD8-4B90-AA09-C4FE5CF8A11F}.Debug|x86.ActiveCfg = Debug|Any CPU
		{1849DA44-7CD8-4B90-AA09-C4FE5CF8A11F}.Debug|x86.Build.0 = Debug|Any CPU
		{1849DA44-7CD8-4B90-AA09-C4FE5CF8A11F}.Debug|x86.Deploy.0 = Debug|Any CPU
		{1849DA44-7CD8-4B90-AA09-C4FE5CF8A11F}.Release|Any CPU.ActiveCfg = Release|Any CPU
		{1849DA44-7CD8-4B90-AA09-C4FE5CF8A11F}.Release|Any CPU.Build.0 = Release|Any CPU
		{1849DA44-7CD8-4B90-AA09-C4FE5CF8A11F}.Release|Any CPU.Deploy.0 = Release|Any CPU
		{1849DA44-7CD8-4B90-AA09-C4FE5CF8A11F}.Release|ARM.ActiveCfg = Release|Any CPU
		{1849DA44-7CD8-4B90-AA09-C4FE5CF8A11F}.Release|ARM.Build.0 = Release|Any CPU
		{1849DA44-7CD8-4B90-AA09-C4FE5CF8A11F}.Release|ARM.Deploy.0 = Release|Any CPU
		{1849DA44-7CD8-4B90-AA09-C4FE5CF8A11F}.Release|iPhone.ActiveCfg = Release|Any CPU
		{1849DA44-7CD8-4B90-AA09-C4FE5CF8A11F}.Release|iPhone.Build.0 = Release|Any CPU
		{1849DA44-7CD8-4B90-AA09-C4FE5CF8A11F}.Release|iPhone.Deploy.0 = Release|Any CPU
		{1849DA44-7CD8-4B90-AA09-C4FE5CF8A11F}.Release|iPhoneSimulator.ActiveCfg = Release|Any CPU
		{1849DA44-7CD8-4B90-AA09-C4FE5CF8A11F}.Release|iPhoneSimulator.Build.0 = Release|Any CPU
		{1849DA44-7CD8-4B90-AA09-C4FE5CF8A11F}.Release|iPhoneSimulator.Deploy.0 = Release|Any CPU
		{1849DA44-7CD8-4B90-AA09-C4FE5CF8A11F}.Release|x64.ActiveCfg = Release|Any CPU
		{1849DA44-7CD8-4B90-AA09-C4FE5CF8A11F}.Release|x64.Build.0 = Release|Any CPU
		{1849DA44-7CD8-4B90-AA09-C4FE5CF8A11F}.Release|x64.Deploy.0 = Release|Any CPU
		{1849DA44-7CD8-4B90-AA09-C4FE5CF8A11F}.Release|x86.ActiveCfg = Release|Any CPU
		{1849DA44-7CD8-4B90-AA09-C4FE5CF8A11F}.Release|x86.Build.0 = Release|Any CPU
		{1849DA44-7CD8-4B90-AA09-C4FE5CF8A11F}.Release|x86.Deploy.0 = Release|Any CPU
	EndGlobalSection
	GlobalSection(SolutionProperties) = preSolution
		HideSolutionNode = FALSE
	EndGlobalSection
	GlobalSection(ExtensibilityGlobals) = postSolution
		SolutionGuid = {A9712AF5-8AFB-4600-A7B5-26BA40215025}
	EndGlobalSection
EndGlobal
